schema: '2.0'
stages:
  build-configs:
    cmd: python scripts/build_configs.py
    deps:
    - path: configs/_authoring
      hash: md5
      md5: 8a3b12da0e6162ad598c8850d84673ba.dir
      size: 13644
      nfiles: 7
    - path: scripts/build_configs.py
      hash: md5
      md5: 4f403bb4db845a3ddb162eb45675ce5a
      size: 2071
    outs:
    - path: configs/simulation/doublegyre_bc_qg.yaml
      hash: md5
      md5: 3041995fae748fac7558b743fcee88a4
      size: 882
    - path: configs/simulation/doublegyre_bt_qg.yaml
      hash: md5
      md5: b75ef8ee788677e6587e485755c92d88
      size: 933
    - path: configs/simulation/doublegyre_bt_qg_nondim.yaml
      hash: md5
      md5: 88d3a002652fd9ba1ab2752a618e2e35
      size: 791
    - path: configs/simulation/spinup_bc_qg.yaml
      hash: md5
      md5: 1cca9e0453d07a780c2602d8426b5012
      size: 887
    - path: configs/simulation/swm_jet.yaml
      hash: md5
      md5: dc39f15d2f1b883f5df1ea9f724a965d
      size: 949
  simulate-swm-jet:
    cmd: somax-sim run --config configs/simulation/swm_jet.yaml --output-dir 
      data/simulations/swm_jet
    deps:
    - path: configs/simulation/swm_jet.yaml
      hash: md5
      md5: 58e4890ee26310ced237554ea26191cc
      size: 791
    - path: somax/_src
      hash: md5
      md5: 71717ba32e937595ed97e10d6ab701f2.dir
      size: 237928
      nfiles: 48
    outs:
    - path: data/simulations/swm_jet/final_state.zarr
      hash: md5
      md5: f936a4bdc996cf4b8080f3d01ebfd2e9.dir
      size: 5003
      nfiles: 9
    - path: data/simulations/swm_jet/metrics.json
      hash: md5
      md5: 8e362a0e63706060f835ed9236a77908
      size: 605
    - path: data/simulations/swm_jet/snapshots.zarr
      hash: md5
      md5: fb680a3adaefdd82e489c9b567d77bbf.dir
      size: 28793
      nfiles: 16
  simulate-bt-qg:
    cmd: somax-sim run --config configs/simulation/doublegyre_bt_qg.yaml 
      --output-dir data/simulations/doublegyre_bt_qg
    deps:
    - path: configs/simulation/doublegyre_bt_qg.yaml
      hash: md5
      md5: 3b7f7453edd367604ae2e63fc02ce1c6
      size: 679
    - path: somax/_src
      hash: md5
      md5: 71717ba32e937595ed97e10d6ab701f2.dir
      size: 237928
      nfiles: 48
    outs:
    - path: data/simulations/doublegyre_bt_qg/final_state.zarr
      hash: md5
      md5: 0933a490efddb9513c724450013bd305.dir
      size: 17700
      nfiles: 5
    - path: data/simulations/doublegyre_bt_qg/metrics.json
      hash: md5
      md5: 48dd72b0aad122a36d69bbc2b5892329
      size: 654
    - path: data/simulations/doublegyre_bt_qg/snapshots.zarr
      hash: md5
      md5: 9d4daef19e2f471c32f505b818196977.dir
      size: 188406
      nfiles: 5
  build-basin-southern-ocean:
    cmd: python scripts/data/build_basin.py southern_ocean --source synthetic
    deps:
    - path: scripts/data/build_basin.py
      hash: md5
      md5: 4432e1912a9b9f99e6f1bf5c3ff08c1f
      size: 16889
    outs:
    - path: data/basin/southern_ocean.zarr
      hash: md5
      md5: 0f0bb0c39e83ea86579c86d577bcae4d.dir
      size: 8407
      nfiles: 15
  build-basin-north-atlantic:
    cmd: python scripts/data/build_basin.py north_atlantic --source synthetic
    deps:
    - path: scripts/data/build_basin.py
      hash: md5
      md5: 4432e1912a9b9f99e6f1bf5c3ff08c1f
      size: 16889
    outs:
    - path: data/basin/north_atlantic.zarr
      hash: md5
      md5: 76c20d417b0fb36d677202af7dca67e5.dir
      size: 12064
      nfiles: 21
  build-basin-gulf-stream:
    cmd: python scripts/data/build_basin.py gulf_stream --source synthetic
    deps:
    - path: scripts/data/build_basin.py
      hash: md5
      md5: 4432e1912a9b9f99e6f1bf5c3ff08c1f
      size: 16889
    outs:
    - path: data/basin/gulf_stream.zarr
      hash: md5
      md5: 3c5c0eea00ab3523a916f8e3997128d2.dir
      size: 9310
      nfiles: 15
  build-basin-med-sea:
    cmd: python scripts/data/build_basin.py med_sea --source synthetic
    deps:
    - path: scripts/data/build_basin.py
      hash: md5
      md5: 4432e1912a9b9f99e6f1bf5c3ff08c1f
      size: 16889
    outs:
    - path: data/basin/med_sea.zarr
      hash: md5
      md5: 79cafa532edbfc7ece918726fc36874c.dir
      size: 8472
      nfiles: 15
